schema: '2.0'
stages:
  train-test-split:
    cmd: moviesurfer data train-test-split
    deps:
    - path: data/raw/ml-25m
      md5: 5b3efd91c9cc6cd155a70787b9c2f4cf.dir
      size: 1156670716
      nfiles: 7
    - path: moviesurfer/cli/data/split.py
      md5: 0f52a3aa8384ad51533ed5b488ed8439
      size: 414
    - path: moviesurfer/data/split.py
      md5: 2d07ee467bbba9ec478263c9af0056b7
      size: 2527
    outs:
    - path: data/processed/ml-25m
      md5: 83b4b2baa89025af8f754f3e0f6855b5.dir
      size: 653260923
      nfiles: 2
  download:
    cmd: moviesurfer data download
    deps:
    - path: moviesurfer/cli/data/download.py
      md5: 654f2187fabda454a0b508128fb34965
      size: 398
    - path: moviesurfer/data/download_data.py
      md5: 2ffcfa2d74bce54181158decf20dd24a
      size: 1454
    outs:
    - path: data/raw/ml-25m
      md5: 5b3efd91c9cc6cd155a70787b9c2f4cf.dir
      size: 1156670716
      nfiles: 7
  train-most-popular:
    cmd: python prototypes/most-popular/main.py train ./data ./models
    deps:
    - path: data/processed/ml-25m
      md5: 83b4b2baa89025af8f754f3e0f6855b5.dir
      size: 653260923
      nfiles: 2
    - path: prototypes/most-popular/main.py
      md5: 727ca04ac3fed45dfa65595b00e19002
      size: 3328
    outs:
    - path: models/most-popular
      md5: 4cba38393fa5e65ed9923c0e635dea18.dir
      size: 1160
      nfiles: 1
